// !$*UTF8*$!
{
	archiveVersion = 1;
	classes = {
	};
	objectVersion = 50;
	objects = {

/* Begin PBXBuildFile section */
		51104C5921833A6D0027C374 /* Localizable.strings in Resources */ = {isa = PBXBuildFile; fileRef = 51C86D1D21804CDB000F5851 /* Localizable.strings */; };
		5135EF4D21776AB30016AAD6 /* AppDelegate.swift in Sources */ = {isa = PBXBuildFile; fileRef = 5135EF4C21776AB30016AAD6 /* AppDelegate.swift */; };
		5135EF4F21776AB30016AAD6 /* JourneyViewController.swift in Sources */ = {isa = PBXBuildFile; fileRef = 5135EF4E21776AB30016AAD6 /* JourneyViewController.swift */; };
		5135EF5221776AB30016AAD6 /* Main.storyboard in Resources */ = {isa = PBXBuildFile; fileRef = 5135EF5021776AB30016AAD6 /* Main.storyboard */; };
		5135EF5421776AB50016AAD6 /* Assets.xcassets in Resources */ = {isa = PBXBuildFile; fileRef = 5135EF5321776AB50016AAD6 /* Assets.xcassets */; };
		5135EF5721776AB50016AAD6 /* LaunchScreen.storyboard in Resources */ = {isa = PBXBuildFile; fileRef = 5135EF5521776AB50016AAD6 /* LaunchScreen.storyboard */; };
		5135EF6221776AB50016AAD6 /* SL_One_trip_searchTests.swift in Sources */ = {isa = PBXBuildFile; fileRef = 5135EF6121776AB50016AAD6 /* SL_One_trip_searchTests.swift */; };
		5135EF6D21776AB60016AAD6 /* SL_One_trip_searchUITests.swift in Sources */ = {isa = PBXBuildFile; fileRef = 5135EF6C21776AB60016AAD6 /* SL_One_trip_searchUITests.swift */; };
		5135EF7B217774110016AAD6 /* SettingsViewController.swift in Sources */ = {isa = PBXBuildFile; fileRef = 5135EF7A217774110016AAD6 /* SettingsViewController.swift */; };
		5135EF7D217774200016AAD6 /* SearchViewController.swift in Sources */ = {isa = PBXBuildFile; fileRef = 5135EF7C217774200016AAD6 /* SearchViewController.swift */; };
		5135EF842177747F0016AAD6 /* MainCoordinator.swift in Sources */ = {isa = PBXBuildFile; fileRef = 5135EF832177747F0016AAD6 /* MainCoordinator.swift */; };
		5135EF8621777D420016AAD6 /* UserJourney.swift in Sources */ = {isa = PBXBuildFile; fileRef = 5135EF8521777D420016AAD6 /* UserJourney.swift */; };
		5135EF8821777D820016AAD6 /* Station.swift in Sources */ = {isa = PBXBuildFile; fileRef = 5135EF8721777D820016AAD6 /* Station.swift */; };
		5135EF8A21777E6B0016AAD6 /* StateController.swift in Sources */ = {isa = PBXBuildFile; fileRef = 5135EF8921777E6B0016AAD6 /* StateController.swift */; };
		5135EF8C21777E790016AAD6 /* UserJourneyController.swift in Sources */ = {isa = PBXBuildFile; fileRef = 5135EF8B21777E790016AAD6 /* UserJourneyController.swift */; };
		5135EF8E217780050016AAD6 /* ViewControllerFactory.swift in Sources */ = {isa = PBXBuildFile; fileRef = 5135EF8D217780050016AAD6 /* ViewControllerFactory.swift */; };
		5135EF90217887510016AAD6 /* UserJourneyControllerTests.swift in Sources */ = {isa = PBXBuildFile; fileRef = 5135EF8F217887510016AAD6 /* UserJourneyControllerTests.swift */; };
		5135EF922178BD8F0016AAD6 /* StationTableViewCell.swift in Sources */ = {isa = PBXBuildFile; fileRef = 5135EF912178BD8F0016AAD6 /* StationTableViewCell.swift */; };
		5135EF942178C8440016AAD6 /* SLSearch.swift in Sources */ = {isa = PBXBuildFile; fileRef = 5135EF932178C8440016AAD6 /* SLSearch.swift */; };
		5135EF962178C8840016AAD6 /* SearchRequest.swift in Sources */ = {isa = PBXBuildFile; fileRef = 5135EF952178C8830016AAD6 /* SearchRequest.swift */; };
		5135EF982178CBBE0016AAD6 /* Environment.swift in Sources */ = {isa = PBXBuildFile; fileRef = 5135EF972178CBBE0016AAD6 /* Environment.swift */; };
		5135EF9C2178D5D20016AAD6 /* SettingsViewModelTests.swift in Sources */ = {isa = PBXBuildFile; fileRef = 5135EF9B2178D5D20016AAD6 /* SettingsViewModelTests.swift */; };
		5135EF9E2178D9560016AAD6 /* SearchRequestTest.swift in Sources */ = {isa = PBXBuildFile; fileRef = 5135EF9D2178D9560016AAD6 /* SearchRequestTest.swift */; };
		5135EFA02178E04F0016AAD6 /* SLSearchTests.swift in Sources */ = {isa = PBXBuildFile; fileRef = 5135EF9F2178E04F0016AAD6 /* SLSearchTests.swift */; };
		5135EFA22179FC830016AAD6 /* PersistService.swift in Sources */ = {isa = PBXBuildFile; fileRef = 5135EFA12179FC830016AAD6 /* PersistService.swift */; };
		5135EFA4217A166B0016AAD6 /* StationTests.swift in Sources */ = {isa = PBXBuildFile; fileRef = 5135EFA3217A166B0016AAD6 /* StationTests.swift */; };
		5135EFA6217A19250016AAD6 /* PersistServiceTests.swift in Sources */ = {isa = PBXBuildFile; fileRef = 5135EFA5217A19250016AAD6 /* PersistServiceTests.swift */; };
		51583DC92187173A00AFDE38 /* Assets.xcassets in Resources */ = {isa = PBXBuildFile; fileRef = 5135EF5321776AB50016AAD6 /* Assets.xcassets */; };
		51583DD32187331400AFDE38 /* TableViewHeaderView.swift in Sources */ = {isa = PBXBuildFile; fileRef = 51583DD22187331400AFDE38 /* TableViewHeaderView.swift */; };
		51583DD42187331400AFDE38 /* TableViewHeaderView.swift in Sources */ = {isa = PBXBuildFile; fileRef = 51583DD22187331400AFDE38 /* TableViewHeaderView.swift */; };
		51583DD62187332600AFDE38 /* TableViewHeaderView.xib in Resources */ = {isa = PBXBuildFile; fileRef = 51583DD52187332600AFDE38 /* TableViewHeaderView.xib */; };
		51583DD72187332600AFDE38 /* TableViewHeaderView.xib in Resources */ = {isa = PBXBuildFile; fileRef = 51583DD52187332600AFDE38 /* TableViewHeaderView.xib */; };
		518D465B21875D1A00789960 /* SharedAppConstant.swift in Sources */ = {isa = PBXBuildFile; fileRef = 518D465A21875D1A00789960 /* SharedAppConstant.swift */; };
		518D465C21875D1A00789960 /* SharedAppConstant.swift in Sources */ = {isa = PBXBuildFile; fileRef = 518D465A21875D1A00789960 /* SharedAppConstant.swift */; };
		518D465E2187680F00789960 /* MainCoordinatorTests.swift in Sources */ = {isa = PBXBuildFile; fileRef = 518D465D2187680F00789960 /* MainCoordinatorTests.swift */; };
		518D465F2188812900789960 /* Main.storyboard in Resources */ = {isa = PBXBuildFile; fileRef = 5135EF5021776AB30016AAD6 /* Main.storyboard */; };
		51C86CFE217DC62F000F5851 /* JourneyTableViewCell.swift in Sources */ = {isa = PBXBuildFile; fileRef = 51C86CFD217DC62F000F5851 /* JourneyTableViewCell.swift */; };
		51C86D00217DD3A9000F5851 /* Trip.swift in Sources */ = {isa = PBXBuildFile; fileRef = 51C86CFF217DD3A9000F5851 /* Trip.swift */; };
		51C86D02217DD3B3000F5851 /* Leg.swift in Sources */ = {isa = PBXBuildFile; fileRef = 51C86D01217DD3B3000F5851 /* Leg.swift */; };
		51C86D04217DD3BF000F5851 /* Origin.swift in Sources */ = {isa = PBXBuildFile; fileRef = 51C86D03217DD3BF000F5851 /* Origin.swift */; };
		51C86D06217DD3C9000F5851 /* Destination.swift in Sources */ = {isa = PBXBuildFile; fileRef = 51C86D05217DD3C9000F5851 /* Destination.swift */; };
		51C86D08217DD3D9000F5851 /* Product.swift in Sources */ = {isa = PBXBuildFile; fileRef = 51C86D07217DD3D9000F5851 /* Product.swift */; };
		51C86D0A217DD543000F5851 /* SLJourneyPlanAPIResponse.swift in Sources */ = {isa = PBXBuildFile; fileRef = 51C86D09217DD543000F5851 /* SLJourneyPlanAPIResponse.swift */; };
		51C86D0D217DD91F000F5851 /* ProductCategory.swift in Sources */ = {isa = PBXBuildFile; fileRef = 51C86D0C217DD91F000F5851 /* ProductCategory.swift */; };
		51C86D0F217DF0F7000F5851 /* JourneyError.swift in Sources */ = {isa = PBXBuildFile; fileRef = 51C86D0E217DF0F7000F5851 /* JourneyError.swift */; };
		51C86D11217F1319000F5851 /* JourneyViewModel.swift in Sources */ = {isa = PBXBuildFile; fileRef = 51C86D10217F1319000F5851 /* JourneyViewModel.swift */; };
		51C86D14217F52A0000F5851 /* JourneySearchTests.swift in Sources */ = {isa = PBXBuildFile; fileRef = 51C86D13217F52A0000F5851 /* JourneySearchTests.swift */; };
		51C86D16217F6B9B000F5851 /* JourneyViewModelTests.swift in Sources */ = {isa = PBXBuildFile; fileRef = 51C86D15217F6B9B000F5851 /* JourneyViewModelTests.swift */; };
		51C86D1B21804CDB000F5851 /* Localizable.strings in Resources */ = {isa = PBXBuildFile; fileRef = 51C86D1D21804CDB000F5851 /* Localizable.strings */; };
		51C86D202180980E000F5851 /* JourneyViewControllerTests.swift in Sources */ = {isa = PBXBuildFile; fileRef = 51C86D1F2180980E000F5851 /* JourneyViewControllerTests.swift */; };
		51C86D282180A128000F5851 /* NotificationCenter.framework in Frameworks */ = {isa = PBXBuildFile; fileRef = 51C86D272180A128000F5851 /* NotificationCenter.framework */; };
		51C86D2B2180A128000F5851 /* TodayViewController.swift in Sources */ = {isa = PBXBuildFile; fileRef = 51C86D2A2180A128000F5851 /* TodayViewController.swift */; };
		51C86D2E2180A128000F5851 /* MainInterface.storyboard in Resources */ = {isa = PBXBuildFile; fileRef = 51C86D2C2180A128000F5851 /* MainInterface.storyboard */; };
		51C86D322180A128000F5851 /* NextDeparture.appex in Embed App Extensions */ = {isa = PBXBuildFile; fileRef = 51C86D252180A128000F5851 /* NextDeparture.appex */; settings = {ATTRIBUTES = (RemoveHeadersOnCopy, ); }; };
		51C86D3E2180A884000F5851 /* JourneyTableViewCellView.xib in Resources */ = {isa = PBXBuildFile; fileRef = 51C86D3D2180A884000F5851 /* JourneyTableViewCellView.xib */; };
		51C86D3F2180A884000F5851 /* JourneyTableViewCellView.xib in Resources */ = {isa = PBXBuildFile; fileRef = 51C86D3D2180A884000F5851 /* JourneyTableViewCellView.xib */; };
		51C86D402180AEC6000F5851 /* PersistService.swift in Sources */ = {isa = PBXBuildFile; fileRef = 5135EFA12179FC830016AAD6 /* PersistService.swift */; };
		51C86D412180AECA000F5851 /* StateController.swift in Sources */ = {isa = PBXBuildFile; fileRef = 5135EF8921777E6B0016AAD6 /* StateController.swift */; };
		51C86D422180AECD000F5851 /* UserJourneyController.swift in Sources */ = {isa = PBXBuildFile; fileRef = 5135EF8B21777E790016AAD6 /* UserJourneyController.swift */; };
		51C86D432180AED4000F5851 /* Leg.swift in Sources */ = {isa = PBXBuildFile; fileRef = 51C86D01217DD3B3000F5851 /* Leg.swift */; };
		51C86D442180AED9000F5851 /* Destination.swift in Sources */ = {isa = PBXBuildFile; fileRef = 51C86D05217DD3C9000F5851 /* Destination.swift */; };
		51C86D452180AEDF000F5851 /* Origin.swift in Sources */ = {isa = PBXBuildFile; fileRef = 51C86D03217DD3BF000F5851 /* Origin.swift */; };
		51C86D462180AEE2000F5851 /* Product.swift in Sources */ = {isa = PBXBuildFile; fileRef = 51C86D07217DD3D9000F5851 /* Product.swift */; };
		51C86D472180AEE6000F5851 /* SLJourneyPlanAPIResponse.swift in Sources */ = {isa = PBXBuildFile; fileRef = 51C86D09217DD543000F5851 /* SLJourneyPlanAPIResponse.swift */; };
		51C86D482180AEEC000F5851 /* Trip.swift in Sources */ = {isa = PBXBuildFile; fileRef = 51C86CFF217DD3A9000F5851 /* Trip.swift */; };
		51C86D492180AEEF000F5851 /* ProductCategory.swift in Sources */ = {isa = PBXBuildFile; fileRef = 51C86D0C217DD91F000F5851 /* ProductCategory.swift */; };
		51C86D4A2180AEF3000F5851 /* JourneyError.swift in Sources */ = {isa = PBXBuildFile; fileRef = 51C86D0E217DF0F7000F5851 /* JourneyError.swift */; };
		51C86D4B2180AEF8000F5851 /* UserJourney.swift in Sources */ = {isa = PBXBuildFile; fileRef = 5135EF8521777D420016AAD6 /* UserJourney.swift */; };
		51C86D4C2180AEFC000F5851 /* Station.swift in Sources */ = {isa = PBXBuildFile; fileRef = 5135EF8721777D820016AAD6 /* Station.swift */; };
		51C86D4D2180AF01000F5851 /* SLSearch.swift in Sources */ = {isa = PBXBuildFile; fileRef = 5135EF932178C8440016AAD6 /* SLSearch.swift */; };
		51C86D4E2180AF05000F5851 /* SearchRequest.swift in Sources */ = {isa = PBXBuildFile; fileRef = 5135EF952178C8830016AAD6 /* SearchRequest.swift */; };
		51C86D4F2180AF13000F5851 /* JourneyTableViewCell.swift in Sources */ = {isa = PBXBuildFile; fileRef = 51C86CFD217DC62F000F5851 /* JourneyTableViewCell.swift */; };
		51C86D502180AF64000F5851 /* JourneyViewModel.swift in Sources */ = {isa = PBXBuildFile; fileRef = 51C86D10217F1319000F5851 /* JourneyViewModel.swift */; };
		51C86D512180B018000F5851 /* Environment.swift in Sources */ = {isa = PBXBuildFile; fileRef = 5135EF972178CBBE0016AAD6 /* Environment.swift */; };
		51C86D542180B391000F5851 /* MainInterface.storyboard in Resources */ = {isa = PBXBuildFile; fileRef = 51C86D2C2180A128000F5851 /* MainInterface.storyboard */; };
/* End PBXBuildFile section */

/* Begin PBXContainerItemProxy section */
		5135EF5E21776AB50016AAD6 /* PBXContainerItemProxy */ = {
			isa = PBXContainerItemProxy;
			containerPortal = 5135EF4121776AB30016AAD6 /* Project object */;
			proxyType = 1;
			remoteGlobalIDString = 5135EF4821776AB30016AAD6;
			remoteInfo = "SL One trip search";
		};
		5135EF6921776AB60016AAD6 /* PBXContainerItemProxy */ = {
			isa = PBXContainerItemProxy;
			containerPortal = 5135EF4121776AB30016AAD6 /* Project object */;
			proxyType = 1;
			remoteGlobalIDString = 5135EF4821776AB30016AAD6;
			remoteInfo = "SL One trip search";
		};
		51C86D302180A128000F5851 /* PBXContainerItemProxy */ = {
			isa = PBXContainerItemProxy;
			containerPortal = 5135EF4121776AB30016AAD6 /* Project object */;
			proxyType = 1;
			remoteGlobalIDString = 51C86D242180A128000F5851;
			remoteInfo = NextDeparture;
		};
/* End PBXContainerItemProxy section */

/* Begin PBXCopyFilesBuildPhase section */
		51C86D362180A128000F5851 /* Embed App Extensions */ = {
			isa = PBXCopyFilesBuildPhase;
			buildActionMask = 2147483647;
			dstPath = "";
			dstSubfolderSpec = 13;
			files = (
				51C86D322180A128000F5851 /* NextDeparture.appex in Embed App Extensions */,
			);
			name = "Embed App Extensions";
			runOnlyForDeploymentPostprocessing = 0;
		};
/* End PBXCopyFilesBuildPhase section */

/* Begin PBXFileReference section */
		5135EF4921776AB30016AAD6 /* SL One trip search.app */ = {isa = PBXFileReference; explicitFileType = wrapper.application; includeInIndex = 0; path = "SL One trip search.app"; sourceTree = BUILT_PRODUCTS_DIR; };
		5135EF4C21776AB30016AAD6 /* AppDelegate.swift */ = {isa = PBXFileReference; lastKnownFileType = sourcecode.swift; path = AppDelegate.swift; sourceTree = "<group>"; };
		5135EF4E21776AB30016AAD6 /* JourneyViewController.swift */ = {isa = PBXFileReference; lastKnownFileType = sourcecode.swift; path = JourneyViewController.swift; sourceTree = "<group>"; };
		5135EF5121776AB30016AAD6 /* Base */ = {isa = PBXFileReference; lastKnownFileType = file.storyboard; name = Base; path = Base.lproj/Main.storyboard; sourceTree = "<group>"; };
		5135EF5321776AB50016AAD6 /* Assets.xcassets */ = {isa = PBXFileReference; lastKnownFileType = folder.assetcatalog; path = Assets.xcassets; sourceTree = "<group>"; };
		5135EF5621776AB50016AAD6 /* Base */ = {isa = PBXFileReference; lastKnownFileType = file.storyboard; name = Base; path = Base.lproj/LaunchScreen.storyboard; sourceTree = "<group>"; };
		5135EF5821776AB50016AAD6 /* Info.plist */ = {isa = PBXFileReference; lastKnownFileType = text.plist.xml; path = Info.plist; sourceTree = "<group>"; };
		5135EF5D21776AB50016AAD6 /* SL One trip searchTests.xctest */ = {isa = PBXFileReference; explicitFileType = wrapper.cfbundle; includeInIndex = 0; path = "SL One trip searchTests.xctest"; sourceTree = BUILT_PRODUCTS_DIR; };
		5135EF6121776AB50016AAD6 /* SL_One_trip_searchTests.swift */ = {isa = PBXFileReference; lastKnownFileType = sourcecode.swift; path = SL_One_trip_searchTests.swift; sourceTree = "<group>"; };
		5135EF6321776AB50016AAD6 /* Info.plist */ = {isa = PBXFileReference; lastKnownFileType = text.plist.xml; path = Info.plist; sourceTree = "<group>"; };
		5135EF6821776AB60016AAD6 /* SL One trip searchUITests.xctest */ = {isa = PBXFileReference; explicitFileType = wrapper.cfbundle; includeInIndex = 0; path = "SL One trip searchUITests.xctest"; sourceTree = BUILT_PRODUCTS_DIR; };
		5135EF6C21776AB60016AAD6 /* SL_One_trip_searchUITests.swift */ = {isa = PBXFileReference; lastKnownFileType = sourcecode.swift; path = SL_One_trip_searchUITests.swift; sourceTree = "<group>"; };
		5135EF6E21776AB60016AAD6 /* Info.plist */ = {isa = PBXFileReference; lastKnownFileType = text.plist.xml; path = Info.plist; sourceTree = "<group>"; };
		5135EF7A217774110016AAD6 /* SettingsViewController.swift */ = {isa = PBXFileReference; lastKnownFileType = sourcecode.swift; path = SettingsViewController.swift; sourceTree = "<group>"; };
		5135EF7C217774200016AAD6 /* SearchViewController.swift */ = {isa = PBXFileReference; lastKnownFileType = sourcecode.swift; path = SearchViewController.swift; sourceTree = "<group>"; };
		5135EF832177747F0016AAD6 /* MainCoordinator.swift */ = {isa = PBXFileReference; lastKnownFileType = sourcecode.swift; path = MainCoordinator.swift; sourceTree = "<group>"; };
		5135EF8521777D420016AAD6 /* UserJourney.swift */ = {isa = PBXFileReference; lastKnownFileType = sourcecode.swift; path = UserJourney.swift; sourceTree = "<group>"; };
		5135EF8721777D820016AAD6 /* Station.swift */ = {isa = PBXFileReference; lastKnownFileType = sourcecode.swift; path = Station.swift; sourceTree = "<group>"; };
		5135EF8921777E6B0016AAD6 /* StateController.swift */ = {isa = PBXFileReference; lastKnownFileType = sourcecode.swift; path = StateController.swift; sourceTree = "<group>"; };
		5135EF8B21777E790016AAD6 /* UserJourneyController.swift */ = {isa = PBXFileReference; lastKnownFileType = sourcecode.swift; path = UserJourneyController.swift; sourceTree = "<group>"; };
		5135EF8D217780050016AAD6 /* ViewControllerFactory.swift */ = {isa = PBXFileReference; lastKnownFileType = sourcecode.swift; path = ViewControllerFactory.swift; sourceTree = "<group>"; };
		5135EF8F217887510016AAD6 /* UserJourneyControllerTests.swift */ = {isa = PBXFileReference; lastKnownFileType = sourcecode.swift; path = UserJourneyControllerTests.swift; sourceTree = "<group>"; };
		5135EF912178BD8F0016AAD6 /* StationTableViewCell.swift */ = {isa = PBXFileReference; lastKnownFileType = sourcecode.swift; path = StationTableViewCell.swift; sourceTree = "<group>"; };
		5135EF932178C8440016AAD6 /* SLSearch.swift */ = {isa = PBXFileReference; lastKnownFileType = sourcecode.swift; path = SLSearch.swift; sourceTree = "<group>"; };
		5135EF952178C8830016AAD6 /* SearchRequest.swift */ = {isa = PBXFileReference; lastKnownFileType = sourcecode.swift; path = SearchRequest.swift; sourceTree = "<group>"; };
		5135EF972178CBBE0016AAD6 /* Environment.swift */ = {isa = PBXFileReference; lastKnownFileType = sourcecode.swift; path = Environment.swift; sourceTree = "<group>"; };
		5135EF9B2178D5D20016AAD6 /* SettingsViewModelTests.swift */ = {isa = PBXFileReference; lastKnownFileType = sourcecode.swift; path = SettingsViewModelTests.swift; sourceTree = "<group>"; };
		5135EF9D2178D9560016AAD6 /* SearchRequestTest.swift */ = {isa = PBXFileReference; lastKnownFileType = sourcecode.swift; path = SearchRequestTest.swift; sourceTree = "<group>"; };
		5135EF9F2178E04F0016AAD6 /* SLSearchTests.swift */ = {isa = PBXFileReference; lastKnownFileType = sourcecode.swift; path = SLSearchTests.swift; sourceTree = "<group>"; };
		5135EFA12179FC830016AAD6 /* PersistService.swift */ = {isa = PBXFileReference; lastKnownFileType = sourcecode.swift; path = PersistService.swift; sourceTree = "<group>"; };
		5135EFA3217A166B0016AAD6 /* StationTests.swift */ = {isa = PBXFileReference; lastKnownFileType = sourcecode.swift; path = StationTests.swift; sourceTree = "<group>"; };
		5135EFA5217A19250016AAD6 /* PersistServiceTests.swift */ = {isa = PBXFileReference; lastKnownFileType = sourcecode.swift; path = PersistServiceTests.swift; sourceTree = "<group>"; };
		51583DD22187331400AFDE38 /* TableViewHeaderView.swift */ = {isa = PBXFileReference; lastKnownFileType = sourcecode.swift; path = TableViewHeaderView.swift; sourceTree = "<group>"; };
		51583DD52187332600AFDE38 /* TableViewHeaderView.xib */ = {isa = PBXFileReference; lastKnownFileType = file.xib; path = TableViewHeaderView.xib; sourceTree = "<group>"; };
		518D465A21875D1A00789960 /* SharedAppConstant.swift */ = {isa = PBXFileReference; lastKnownFileType = sourcecode.swift; path = SharedAppConstant.swift; sourceTree = "<group>"; };
		518D465D2187680F00789960 /* MainCoordinatorTests.swift */ = {isa = PBXFileReference; lastKnownFileType = sourcecode.swift; path = MainCoordinatorTests.swift; sourceTree = "<group>"; };
		51C86CFD217DC62F000F5851 /* JourneyTableViewCell.swift */ = {isa = PBXFileReference; lastKnownFileType = sourcecode.swift; path = JourneyTableViewCell.swift; sourceTree = "<group>"; };
		51C86CFF217DD3A9000F5851 /* Trip.swift */ = {isa = PBXFileReference; lastKnownFileType = sourcecode.swift; path = Trip.swift; sourceTree = "<group>"; };
		51C86D01217DD3B3000F5851 /* Leg.swift */ = {isa = PBXFileReference; lastKnownFileType = sourcecode.swift; path = Leg.swift; sourceTree = "<group>"; };
		51C86D03217DD3BF000F5851 /* Origin.swift */ = {isa = PBXFileReference; lastKnownFileType = sourcecode.swift; path = Origin.swift; sourceTree = "<group>"; };
		51C86D05217DD3C9000F5851 /* Destination.swift */ = {isa = PBXFileReference; lastKnownFileType = sourcecode.swift; path = Destination.swift; sourceTree = "<group>"; };
		51C86D07217DD3D9000F5851 /* Product.swift */ = {isa = PBXFileReference; lastKnownFileType = sourcecode.swift; path = Product.swift; sourceTree = "<group>"; };
		51C86D09217DD543000F5851 /* SLJourneyPlanAPIResponse.swift */ = {isa = PBXFileReference; lastKnownFileType = sourcecode.swift; path = SLJourneyPlanAPIResponse.swift; sourceTree = "<group>"; };
		51C86D0C217DD91F000F5851 /* ProductCategory.swift */ = {isa = PBXFileReference; lastKnownFileType = sourcecode.swift; path = ProductCategory.swift; sourceTree = "<group>"; };
		51C86D0E217DF0F7000F5851 /* JourneyError.swift */ = {isa = PBXFileReference; lastKnownFileType = sourcecode.swift; path = JourneyError.swift; sourceTree = "<group>"; };
		51C86D10217F1319000F5851 /* JourneyViewModel.swift */ = {isa = PBXFileReference; lastKnownFileType = sourcecode.swift; path = JourneyViewModel.swift; sourceTree = "<group>"; };
		51C86D13217F52A0000F5851 /* JourneySearchTests.swift */ = {isa = PBXFileReference; lastKnownFileType = sourcecode.swift; path = JourneySearchTests.swift; sourceTree = "<group>"; };
		51C86D15217F6B9B000F5851 /* JourneyViewModelTests.swift */ = {isa = PBXFileReference; lastKnownFileType = sourcecode.swift; path = JourneyViewModelTests.swift; sourceTree = "<group>"; };
		51C86D1721804C34000F5851 /* sv */ = {isa = PBXFileReference; lastKnownFileType = text.plist.strings; name = sv; path = sv.lproj/Main.strings; sourceTree = "<group>"; };
		51C86D1821804C34000F5851 /* sv */ = {isa = PBXFileReference; lastKnownFileType = text.plist.strings; name = sv; path = sv.lproj/LaunchScreen.strings; sourceTree = "<group>"; };
		51C86D1C21804CDB000F5851 /* sv */ = {isa = PBXFileReference; lastKnownFileType = text.plist.strings; name = sv; path = sv.lproj/Localizable.strings; sourceTree = "<group>"; };
		51C86D1E2180547A000F5851 /* en */ = {isa = PBXFileReference; lastKnownFileType = text.plist.strings; name = en; path = en.lproj/Localizable.strings; sourceTree = "<group>"; };
		51C86D1F2180980E000F5851 /* JourneyViewControllerTests.swift */ = {isa = PBXFileReference; lastKnownFileType = sourcecode.swift; path = JourneyViewControllerTests.swift; sourceTree = "<group>"; };
		51C86D252180A128000F5851 /* NextDeparture.appex */ = {isa = PBXFileReference; explicitFileType = "wrapper.app-extension"; includeInIndex = 0; path = NextDeparture.appex; sourceTree = BUILT_PRODUCTS_DIR; };
		51C86D272180A128000F5851 /* NotificationCenter.framework */ = {isa = PBXFileReference; lastKnownFileType = wrapper.framework; name = NotificationCenter.framework; path = System/Library/Frameworks/NotificationCenter.framework; sourceTree = SDKROOT; };
		51C86D2A2180A128000F5851 /* TodayViewController.swift */ = {isa = PBXFileReference; lastKnownFileType = sourcecode.swift; path = TodayViewController.swift; sourceTree = "<group>"; };
		51C86D2D2180A128000F5851 /* Base */ = {isa = PBXFileReference; lastKnownFileType = file.storyboard; name = Base; path = Base.lproj/MainInterface.storyboard; sourceTree = "<group>"; };
		51C86D2F2180A128000F5851 /* Info.plist */ = {isa = PBXFileReference; lastKnownFileType = text.plist.xml; path = Info.plist; sourceTree = "<group>"; };
		51C86D3D2180A884000F5851 /* JourneyTableViewCellView.xib */ = {isa = PBXFileReference; lastKnownFileType = file.xib; path = JourneyTableViewCellView.xib; sourceTree = "<group>"; };
		51C86D522180B083000F5851 /* SL One trip search.entitlements */ = {isa = PBXFileReference; lastKnownFileType = text.plist.entitlements; path = "SL One trip search.entitlements"; sourceTree = "<group>"; };
		51C86D532180B0CA000F5851 /* NextDeparture.entitlements */ = {isa = PBXFileReference; lastKnownFileType = text.plist.entitlements; path = NextDeparture.entitlements; sourceTree = "<group>"; };
/* End PBXFileReference section */

/* Begin PBXFrameworksBuildPhase section */
		5135EF4621776AB30016AAD6 /* Frameworks */ = {
			isa = PBXFrameworksBuildPhase;
			buildActionMask = 2147483647;
			files = (
			);
			runOnlyForDeploymentPostprocessing = 0;
		};
		5135EF5A21776AB50016AAD6 /* Frameworks */ = {
			isa = PBXFrameworksBuildPhase;
			buildActionMask = 2147483647;
			files = (
			);
			runOnlyForDeploymentPostprocessing = 0;
		};
		5135EF6521776AB60016AAD6 /* Frameworks */ = {
			isa = PBXFrameworksBuildPhase;
			buildActionMask = 2147483647;
			files = (
			);
			runOnlyForDeploymentPostprocessing = 0;
		};
		51C86D222180A128000F5851 /* Frameworks */ = {
			isa = PBXFrameworksBuildPhase;
			buildActionMask = 2147483647;
			files = (
				51C86D282180A128000F5851 /* NotificationCenter.framework in Frameworks */,
			);
			runOnlyForDeploymentPostprocessing = 0;
		};
/* End PBXFrameworksBuildPhase section */

/* Begin PBXGroup section */
		5135EF4021776AB30016AAD6 = {
			isa = PBXGroup;
			children = (
				518D465A21875D1A00789960 /* SharedAppConstant.swift */,
				5135EF972178CBBE0016AAD6 /* Environment.swift */,
				5135EF4B21776AB30016AAD6 /* SL One trip search */,
				5135EF6021776AB50016AAD6 /* SL One trip searchTests */,
				5135EF6B21776AB60016AAD6 /* SL One trip searchUITests */,
				51C86D292180A128000F5851 /* NextDeparture */,
				51C86D262180A128000F5851 /* Frameworks */,
				5135EF4A21776AB30016AAD6 /* Products */,
			);
			sourceTree = "<group>";
		};
		5135EF4A21776AB30016AAD6 /* Products */ = {
			isa = PBXGroup;
			children = (
				5135EF4921776AB30016AAD6 /* SL One trip search.app */,
				5135EF5D21776AB50016AAD6 /* SL One trip searchTests.xctest */,
				5135EF6821776AB60016AAD6 /* SL One trip searchUITests.xctest */,
				51C86D252180A128000F5851 /* NextDeparture.appex */,
			);
			name = Products;
			sourceTree = "<group>";
		};
		5135EF4B21776AB30016AAD6 /* SL One trip search */ = {
			isa = PBXGroup;
			children = (
				51C86D522180B083000F5851 /* SL One trip search.entitlements */,
				5135EF82217774610016AAD6 /* Coordinator */,
				5135EF81217774540016AAD6 /* Service */,
				5135EF802177744D0016AAD6 /* Controller */,
				5135EF7F2177743B0016AAD6 /* Model */,
				5135EF4C21776AB30016AAD6 /* AppDelegate.swift */,
				5135EF7E217774330016AAD6 /* View */,
				5135EF5021776AB30016AAD6 /* Main.storyboard */,
				5135EF5321776AB50016AAD6 /* Assets.xcassets */,
				5135EF5521776AB50016AAD6 /* LaunchScreen.storyboard */,
				5135EF5821776AB50016AAD6 /* Info.plist */,
				51C86D1D21804CDB000F5851 /* Localizable.strings */,
			);
			path = "SL One trip search";
			sourceTree = "<group>";
		};
		5135EF6021776AB50016AAD6 /* SL One trip searchTests */ = {
			isa = PBXGroup;
			children = (
				5135EF6121776AB50016AAD6 /* SL_One_trip_searchTests.swift */,
				5135EF6321776AB50016AAD6 /* Info.plist */,
				5135EF8F217887510016AAD6 /* UserJourneyControllerTests.swift */,
				5135EF9B2178D5D20016AAD6 /* SettingsViewModelTests.swift */,
				5135EF9D2178D9560016AAD6 /* SearchRequestTest.swift */,
				5135EF9F2178E04F0016AAD6 /* SLSearchTests.swift */,
				5135EFA3217A166B0016AAD6 /* StationTests.swift */,
				5135EFA5217A19250016AAD6 /* PersistServiceTests.swift */,
				51C86D13217F52A0000F5851 /* JourneySearchTests.swift */,
				51C86D15217F6B9B000F5851 /* JourneyViewModelTests.swift */,
				51C86D1F2180980E000F5851 /* JourneyViewControllerTests.swift */,
				518D465D2187680F00789960 /* MainCoordinatorTests.swift */,
			);
			path = "SL One trip searchTests";
			sourceTree = "<group>";
		};
		5135EF6B21776AB60016AAD6 /* SL One trip searchUITests */ = {
			isa = PBXGroup;
			children = (
				5135EF6C21776AB60016AAD6 /* SL_One_trip_searchUITests.swift */,
				5135EF6E21776AB60016AAD6 /* Info.plist */,
			);
			path = "SL One trip searchUITests";
			sourceTree = "<group>";
		};
		5135EF7E217774330016AAD6 /* View */ = {
			isa = PBXGroup;
			children = (
				51C86D12217F1323000F5851 /* JourneyView */,
				5135EF7C217774200016AAD6 /* SearchViewController.swift */,
				5135EF7A217774110016AAD6 /* SettingsViewController.swift */,
				5135EF912178BD8F0016AAD6 /* StationTableViewCell.swift */,
			);
			path = View;
			sourceTree = "<group>";
		};
		5135EF7F2177743B0016AAD6 /* Model */ = {
			isa = PBXGroup;
			children = (
				51C86D0B217DD57F000F5851 /* Journey */,
				5135EF8521777D420016AAD6 /* UserJourney.swift */,
				5135EF8721777D820016AAD6 /* Station.swift */,
			);
			path = Model;
			sourceTree = "<group>";
		};
		5135EF802177744D0016AAD6 /* Controller */ = {
			isa = PBXGroup;
			children = (
				5135EF8921777E6B0016AAD6 /* StateController.swift */,
				5135EF8B21777E790016AAD6 /* UserJourneyController.swift */,
			);
			path = Controller;
			sourceTree = "<group>";
		};
		5135EF81217774540016AAD6 /* Service */ = {
			isa = PBXGroup;
			children = (
				5135EF932178C8440016AAD6 /* SLSearch.swift */,
				5135EF952178C8830016AAD6 /* SearchRequest.swift */,
				5135EFA12179FC830016AAD6 /* PersistService.swift */,
			);
			path = Service;
			sourceTree = "<group>";
		};
		5135EF82217774610016AAD6 /* Coordinator */ = {
			isa = PBXGroup;
			children = (
				5135EF832177747F0016AAD6 /* MainCoordinator.swift */,
				5135EF8D217780050016AAD6 /* ViewControllerFactory.swift */,
			);
			path = Coordinator;
			sourceTree = "<group>";
		};
		51C86D0B217DD57F000F5851 /* Journey */ = {
			isa = PBXGroup;
			children = (
				51C86D01217DD3B3000F5851 /* Leg.swift */,
				51C86D05217DD3C9000F5851 /* Destination.swift */,
				51C86D03217DD3BF000F5851 /* Origin.swift */,
				51C86D07217DD3D9000F5851 /* Product.swift */,
				51C86D09217DD543000F5851 /* SLJourneyPlanAPIResponse.swift */,
				51C86CFF217DD3A9000F5851 /* Trip.swift */,
				51C86D0C217DD91F000F5851 /* ProductCategory.swift */,
				51C86D0E217DF0F7000F5851 /* JourneyError.swift */,
			);
			path = Journey;
			sourceTree = "<group>";
		};
		51C86D12217F1323000F5851 /* JourneyView */ = {
			isa = PBXGroup;
			children = (
				51C86D10217F1319000F5851 /* JourneyViewModel.swift */,
				51C86CFD217DC62F000F5851 /* JourneyTableViewCell.swift */,
				5135EF4E21776AB30016AAD6 /* JourneyViewController.swift */,
				51C86D3D2180A884000F5851 /* JourneyTableViewCellView.xib */,
				51583DD22187331400AFDE38 /* TableViewHeaderView.swift */,
				51583DD52187332600AFDE38 /* TableViewHeaderView.xib */,
			);
			path = JourneyView;
			sourceTree = "<group>";
		};
		51C86D262180A128000F5851 /* Frameworks */ = {
			isa = PBXGroup;
			children = (
				51C86D272180A128000F5851 /* NotificationCenter.framework */,
			);
			name = Frameworks;
			sourceTree = "<group>";
		};
		51C86D292180A128000F5851 /* NextDeparture */ = {
			isa = PBXGroup;
			children = (
				51C86D532180B0CA000F5851 /* NextDeparture.entitlements */,
				51C86D2A2180A128000F5851 /* TodayViewController.swift */,
				51C86D2C2180A128000F5851 /* MainInterface.storyboard */,
				51C86D2F2180A128000F5851 /* Info.plist */,
			);
			path = NextDeparture;
			sourceTree = "<group>";
		};
/* End PBXGroup section */

/* Begin PBXNativeTarget section */
		5135EF4821776AB30016AAD6 /* SL One trip search */ = {
			isa = PBXNativeTarget;
			buildConfigurationList = 5135EF7121776AB60016AAD6 /* Build configuration list for PBXNativeTarget "SL One trip search" */;
			buildPhases = (
				5135EF4521776AB30016AAD6 /* Sources */,
				5135EF4621776AB30016AAD6 /* Frameworks */,
				5135EF4721776AB30016AAD6 /* Resources */,
				51C86D362180A128000F5851 /* Embed App Extensions */,
			);
			buildRules = (
			);
			dependencies = (
				51C86D312180A128000F5851 /* PBXTargetDependency */,
			);
			name = "SL One trip search";
			productName = "SL One trip search";
			productReference = 5135EF4921776AB30016AAD6 /* SL One trip search.app */;
			productType = "com.apple.product-type.application";
		};
		5135EF5C21776AB50016AAD6 /* SL One trip searchTests */ = {
			isa = PBXNativeTarget;
			buildConfigurationList = 5135EF7421776AB60016AAD6 /* Build configuration list for PBXNativeTarget "SL One trip searchTests" */;
			buildPhases = (
				5135EF5921776AB50016AAD6 /* Sources */,
				5135EF5A21776AB50016AAD6 /* Frameworks */,
				5135EF5B21776AB50016AAD6 /* Resources */,
			);
			buildRules = (
			);
			dependencies = (
				5135EF5F21776AB50016AAD6 /* PBXTargetDependency */,
			);
			name = "SL One trip searchTests";
			productName = "SL One trip searchTests";
			productReference = 5135EF5D21776AB50016AAD6 /* SL One trip searchTests.xctest */;
			productType = "com.apple.product-type.bundle.unit-test";
		};
		5135EF6721776AB60016AAD6 /* SL One trip searchUITests */ = {
			isa = PBXNativeTarget;
			buildConfigurationList = 5135EF7721776AB60016AAD6 /* Build configuration list for PBXNativeTarget "SL One trip searchUITests" */;
			buildPhases = (
				5135EF6421776AB60016AAD6 /* Sources */,
				5135EF6521776AB60016AAD6 /* Frameworks */,
				5135EF6621776AB60016AAD6 /* Resources */,
			);
			buildRules = (
			);
			dependencies = (
				5135EF6A21776AB60016AAD6 /* PBXTargetDependency */,
			);
			name = "SL One trip searchUITests";
			productName = "SL One trip searchUITests";
			productReference = 5135EF6821776AB60016AAD6 /* SL One trip searchUITests.xctest */;
			productType = "com.apple.product-type.bundle.ui-testing";
		};
		51C86D242180A128000F5851 /* NextDeparture */ = {
			isa = PBXNativeTarget;
			buildConfigurationList = 51C86D352180A128000F5851 /* Build configuration list for PBXNativeTarget "NextDeparture" */;
			buildPhases = (
				51C86D212180A128000F5851 /* Sources */,
				51C86D222180A128000F5851 /* Frameworks */,
				51C86D232180A128000F5851 /* Resources */,
			);
			buildRules = (
			);
			dependencies = (
			);
			name = NextDeparture;
			productName = NextDeparture;
			productReference = 51C86D252180A128000F5851 /* NextDeparture.appex */;
			productType = "com.apple.product-type.app-extension";
		};
/* End PBXNativeTarget section */

/* Begin PBXProject section */
		5135EF4121776AB30016AAD6 /* Project object */ = {
			isa = PBXProject;
			attributes = {
				LastSwiftUpdateCheck = 1000;
				LastUpgradeCheck = 1000;
				ORGANIZATIONNAME = Kebne;
				TargetAttributes = {
					5135EF4821776AB30016AAD6 = {
						CreatedOnToolsVersion = 10.0;
						SystemCapabilities = {
							com.apple.ApplicationGroups.iOS = {
								enabled = 1;
							};
						};
					};
					5135EF5C21776AB50016AAD6 = {
						CreatedOnToolsVersion = 10.0;
						TestTargetID = 5135EF4821776AB30016AAD6;
					};
					5135EF6721776AB60016AAD6 = {
						CreatedOnToolsVersion = 10.0;
						TestTargetID = 5135EF4821776AB30016AAD6;
					};
					51C86D242180A128000F5851 = {
						CreatedOnToolsVersion = 10.0;
						SystemCapabilities = {
							com.apple.ApplicationGroups.iOS = {
								enabled = 1;
							};
						};
					};
				};
			};
			buildConfigurationList = 5135EF4421776AB30016AAD6 /* Build configuration list for PBXProject "SL One trip search" */;
			compatibilityVersion = "Xcode 9.3";
			developmentRegion = en;
			hasScannedForEncodings = 0;
			knownRegions = (
				en,
				Base,
			);
			mainGroup = 5135EF4021776AB30016AAD6;
			productRefGroup = 5135EF4A21776AB30016AAD6 /* Products */;
			projectDirPath = "";
			projectRoot = "";
			targets = (
				5135EF4821776AB30016AAD6 /* SL One trip search */,
				5135EF5C21776AB50016AAD6 /* SL One trip searchTests */,
				5135EF6721776AB60016AAD6 /* SL One trip searchUITests */,
				51C86D242180A128000F5851 /* NextDeparture */,
			);
		};
/* End PBXProject section */

/* Begin PBXResourcesBuildPhase section */
		5135EF4721776AB30016AAD6 /* Resources */ = {
			isa = PBXResourcesBuildPhase;
			buildActionMask = 2147483647;
			files = (
				5135EF5721776AB50016AAD6 /* LaunchScreen.storyboard in Resources */,
				51C86D542180B391000F5851 /* MainInterface.storyboard in Resources */,
				51583DD62187332600AFDE38 /* TableViewHeaderView.xib in Resources */,
				51C86D1B21804CDB000F5851 /* Localizable.strings in Resources */,
				51C86D3E2180A884000F5851 /* JourneyTableViewCellView.xib in Resources */,
				5135EF5421776AB50016AAD6 /* Assets.xcassets in Resources */,
				5135EF5221776AB30016AAD6 /* Main.storyboard in Resources */,
			);
			runOnlyForDeploymentPostprocessing = 0;
		};
		5135EF5B21776AB50016AAD6 /* Resources */ = {
			isa = PBXResourcesBuildPhase;
			buildActionMask = 2147483647;
			files = (
				518D465F2188812900789960 /* Main.storyboard in Resources */,
			);
			runOnlyForDeploymentPostprocessing = 0;
		};
		5135EF6621776AB60016AAD6 /* Resources */ = {
			isa = PBXResourcesBuildPhase;
			buildActionMask = 2147483647;
			files = (
			);
			runOnlyForDeploymentPostprocessing = 0;
		};
		51C86D232180A128000F5851 /* Resources */ = {
			isa = PBXResourcesBuildPhase;
			buildActionMask = 2147483647;
			files = (
				51C86D2E2180A128000F5851 /* MainInterface.storyboard in Resources */,
				51104C5921833A6D0027C374 /* Localizable.strings in Resources */,
				51583DC92187173A00AFDE38 /* Assets.xcassets in Resources */,
				51C86D3F2180A884000F5851 /* JourneyTableViewCellView.xib in Resources */,
				51583DD72187332600AFDE38 /* TableViewHeaderView.xib in Resources */,
			);
			runOnlyForDeploymentPostprocessing = 0;
		};
/* End PBXResourcesBuildPhase section */

/* Begin PBXSourcesBuildPhase section */
		5135EF4521776AB30016AAD6 /* Sources */ = {
			isa = PBXSourcesBuildPhase;
			buildActionMask = 2147483647;
			files = (
				51C86D02217DD3B3000F5851 /* Leg.swift in Sources */,
				5135EF8C21777E790016AAD6 /* UserJourneyController.swift in Sources */,
				51C86D06217DD3C9000F5851 /* Destination.swift in Sources */,
				5135EF8E217780050016AAD6 /* ViewControllerFactory.swift in Sources */,
				51C86D04217DD3BF000F5851 /* Origin.swift in Sources */,
				51583DD32187331400AFDE38 /* TableViewHeaderView.swift in Sources */,
				518D465B21875D1A00789960 /* SharedAppConstant.swift in Sources */,
				5135EF4F21776AB30016AAD6 /* JourneyViewController.swift in Sources */,
				5135EF982178CBBE0016AAD6 /* Environment.swift in Sources */,
				51C86D11217F1319000F5851 /* JourneyViewModel.swift in Sources */,
				51C86CFE217DC62F000F5851 /* JourneyTableViewCell.swift in Sources */,
				51C86D0A217DD543000F5851 /* SLJourneyPlanAPIResponse.swift in Sources */,
				5135EF922178BD8F0016AAD6 /* StationTableViewCell.swift in Sources */,
				5135EF962178C8840016AAD6 /* SearchRequest.swift in Sources */,
				5135EFA22179FC830016AAD6 /* PersistService.swift in Sources */,
				5135EF4D21776AB30016AAD6 /* AppDelegate.swift in Sources */,
				5135EF8621777D420016AAD6 /* UserJourney.swift in Sources */,
				5135EF7D217774200016AAD6 /* SearchViewController.swift in Sources */,
				5135EF842177747F0016AAD6 /* MainCoordinator.swift in Sources */,
				5135EF8A21777E6B0016AAD6 /* StateController.swift in Sources */,
				5135EF7B217774110016AAD6 /* SettingsViewController.swift in Sources */,
				51C86D0D217DD91F000F5851 /* ProductCategory.swift in Sources */,
				51C86D0F217DF0F7000F5851 /* JourneyError.swift in Sources */,
				5135EF942178C8440016AAD6 /* SLSearch.swift in Sources */,
				51C86D00217DD3A9000F5851 /* Trip.swift in Sources */,
				5135EF8821777D820016AAD6 /* Station.swift in Sources */,
				51C86D08217DD3D9000F5851 /* Product.swift in Sources */,
			);
			runOnlyForDeploymentPostprocessing = 0;
		};
		5135EF5921776AB50016AAD6 /* Sources */ = {
			isa = PBXSourcesBuildPhase;
			buildActionMask = 2147483647;
			files = (
				51C86D14217F52A0000F5851 /* JourneySearchTests.swift in Sources */,
				518D465E2187680F00789960 /* MainCoordinatorTests.swift in Sources */,
				5135EFA02178E04F0016AAD6 /* SLSearchTests.swift in Sources */,
				5135EF90217887510016AAD6 /* UserJourneyControllerTests.swift in Sources */,
				51C86D16217F6B9B000F5851 /* JourneyViewModelTests.swift in Sources */,
				51C86D202180980E000F5851 /* JourneyViewControllerTests.swift in Sources */,
				5135EF9E2178D9560016AAD6 /* SearchRequestTest.swift in Sources */,
				5135EFA6217A19250016AAD6 /* PersistServiceTests.swift in Sources */,
				5135EF6221776AB50016AAD6 /* SL_One_trip_searchTests.swift in Sources */,
				5135EFA4217A166B0016AAD6 /* StationTests.swift in Sources */,
				5135EF9C2178D5D20016AAD6 /* SettingsViewModelTests.swift in Sources */,
			);
			runOnlyForDeploymentPostprocessing = 0;
		};
		5135EF6421776AB60016AAD6 /* Sources */ = {
			isa = PBXSourcesBuildPhase;
			buildActionMask = 2147483647;
			files = (
				5135EF6D21776AB60016AAD6 /* SL_One_trip_searchUITests.swift in Sources */,
			);
			runOnlyForDeploymentPostprocessing = 0;
		};
		51C86D212180A128000F5851 /* Sources */ = {
			isa = PBXSourcesBuildPhase;
			buildActionMask = 2147483647;
			files = (
				51C86D482180AEEC000F5851 /* Trip.swift in Sources */,
				51C86D4D2180AF01000F5851 /* SLSearch.swift in Sources */,
				51C86D402180AEC6000F5851 /* PersistService.swift in Sources */,
				51C86D462180AEE2000F5851 /* Product.swift in Sources */,
				51C86D422180AECD000F5851 /* UserJourneyController.swift in Sources */,
				51C86D442180AED9000F5851 /* Destination.swift in Sources */,
				51C86D412180AECA000F5851 /* StateController.swift in Sources */,
				51C86D4C2180AEFC000F5851 /* Station.swift in Sources */,
				51C86D432180AED4000F5851 /* Leg.swift in Sources */,
				51C86D4A2180AEF3000F5851 /* JourneyError.swift in Sources */,
				51C86D2B2180A128000F5851 /* TodayViewController.swift in Sources */,
				51583DD42187331400AFDE38 /* TableViewHeaderView.swift in Sources */,
				51C86D492180AEEF000F5851 /* ProductCategory.swift in Sources */,
				51C86D4F2180AF13000F5851 /* JourneyTableViewCell.swift in Sources */,
				51C86D502180AF64000F5851 /* JourneyViewModel.swift in Sources */,
				51C86D472180AEE6000F5851 /* SLJourneyPlanAPIResponse.swift in Sources */,
				51C86D512180B018000F5851 /* Environment.swift in Sources */,
				51C86D4E2180AF05000F5851 /* SearchRequest.swift in Sources */,
				518D465C21875D1A00789960 /* SharedAppConstant.swift in Sources */,
				51C86D452180AEDF000F5851 /* Origin.swift in Sources */,
				51C86D4B2180AEF8000F5851 /* UserJourney.swift in Sources */,
			);
			runOnlyForDeploymentPostprocessing = 0;
		};
/* End PBXSourcesBuildPhase section */

/* Begin PBXTargetDependency section */
		5135EF5F21776AB50016AAD6 /* PBXTargetDependency */ = {
			isa = PBXTargetDependency;
			target = 5135EF4821776AB30016AAD6 /* SL One trip search */;
			targetProxy = 5135EF5E21776AB50016AAD6 /* PBXContainerItemProxy */;
		};
		5135EF6A21776AB60016AAD6 /* PBXTargetDependency */ = {
			isa = PBXTargetDependency;
			target = 5135EF4821776AB30016AAD6 /* SL One trip search */;
			targetProxy = 5135EF6921776AB60016AAD6 /* PBXContainerItemProxy */;
		};
		51C86D312180A128000F5851 /* PBXTargetDependency */ = {
			isa = PBXTargetDependency;
			target = 51C86D242180A128000F5851 /* NextDeparture */;
			targetProxy = 51C86D302180A128000F5851 /* PBXContainerItemProxy */;
		};
/* End PBXTargetDependency section */

/* Begin PBXVariantGroup section */
		5135EF5021776AB30016AAD6 /* Main.storyboard */ = {
			isa = PBXVariantGroup;
			children = (
				5135EF5121776AB30016AAD6 /* Base */,
				51C86D1721804C34000F5851 /* sv */,
			);
			name = Main.storyboard;
			sourceTree = "<group>";
		};
		5135EF5521776AB50016AAD6 /* LaunchScreen.storyboard */ = {
			isa = PBXVariantGroup;
			children = (
				5135EF5621776AB50016AAD6 /* Base */,
				51C86D1821804C34000F5851 /* sv */,
			);
			name = LaunchScreen.storyboard;
			sourceTree = "<group>";
		};
		51C86D1D21804CDB000F5851 /* Localizable.strings */ = {
			isa = PBXVariantGroup;
			children = (
				51C86D1C21804CDB000F5851 /* sv */,
				51C86D1E2180547A000F5851 /* en */,
			);
			name = Localizable.strings;
			sourceTree = "<group>";
		};
		51C86D2C2180A128000F5851 /* MainInterface.storyboard */ = {
			isa = PBXVariantGroup;
			children = (
				51C86D2D2180A128000F5851 /* Base */,
			);
			name = MainInterface.storyboard;
			sourceTree = "<group>";
		};
/* End PBXVariantGroup section */

/* Begin XCBuildConfiguration section */
		5135EF6F21776AB60016AAD6 /* Debug */ = {
			isa = XCBuildConfiguration;
			buildSettings = {
				ALWAYS_SEARCH_USER_PATHS = NO;
				CLANG_ANALYZER_LOCALIZABILITY_NONLOCALIZED = YES;
				CLANG_ANALYZER_NONNULL = YES;
				CLANG_ANALYZER_NUMBER_OBJECT_CONVERSION = YES_AGGRESSIVE;
				CLANG_CXX_LANGUAGE_STANDARD = "gnu++14";
				CLANG_CXX_LIBRARY = "libc++";
				CLANG_ENABLE_MODULES = YES;
				CLANG_ENABLE_OBJC_ARC = YES;
				CLANG_ENABLE_OBJC_WEAK = YES;
				CLANG_WARN_BLOCK_CAPTURE_AUTORELEASING = YES;
				CLANG_WARN_BOOL_CONVERSION = YES;
				CLANG_WARN_COMMA = YES;
				CLANG_WARN_CONSTANT_CONVERSION = YES;
				CLANG_WARN_DEPRECATED_OBJC_IMPLEMENTATIONS = YES;
				CLANG_WARN_DIRECT_OBJC_ISA_USAGE = YES_ERROR;
				CLANG_WARN_DOCUMENTATION_COMMENTS = YES;
				CLANG_WARN_EMPTY_BODY = YES;
				CLANG_WARN_ENUM_CONVERSION = YES;
				CLANG_WARN_INFINITE_RECURSION = YES;
				CLANG_WARN_INT_CONVERSION = YES;
				CLANG_WARN_NON_LITERAL_NULL_CONVERSION = YES;
				CLANG_WARN_OBJC_IMPLICIT_RETAIN_SELF = YES;
				CLANG_WARN_OBJC_LITERAL_CONVERSION = YES;
				CLANG_WARN_OBJC_ROOT_CLASS = YES_ERROR;
				CLANG_WARN_RANGE_LOOP_ANALYSIS = YES;
				CLANG_WARN_STRICT_PROTOTYPES = YES;
				CLANG_WARN_SUSPICIOUS_MOVE = YES;
				CLANG_WARN_UNGUARDED_AVAILABILITY = YES_AGGRESSIVE;
				CLANG_WARN_UNREACHABLE_CODE = YES;
				CLANG_WARN__DUPLICATE_METHOD_MATCH = YES;
				CODE_SIGN_IDENTITY = "iPhone Developer";
				COPY_PHASE_STRIP = NO;
				DEBUG_INFORMATION_FORMAT = dwarf;
				ENABLE_STRICT_OBJC_MSGSEND = YES;
				ENABLE_TESTABILITY = YES;
				GCC_C_LANGUAGE_STANDARD = gnu11;
				GCC_DYNAMIC_NO_PIC = NO;
				GCC_NO_COMMON_BLOCKS = YES;
				GCC_OPTIMIZATION_LEVEL = 0;
				GCC_PREPROCESSOR_DEFINITIONS = (
					"DEBUG=1",
					"$(inherited)",
				);
				GCC_WARN_64_TO_32_BIT_CONVERSION = YES;
				GCC_WARN_ABOUT_RETURN_TYPE = YES_ERROR;
				GCC_WARN_UNDECLARED_SELECTOR = YES;
				GCC_WARN_UNINITIALIZED_AUTOS = YES_AGGRESSIVE;
				GCC_WARN_UNUSED_FUNCTION = YES;
				GCC_WARN_UNUSED_VARIABLE = YES;
				IPHONEOS_DEPLOYMENT_TARGET = 12.0;
				MTL_ENABLE_DEBUG_INFO = INCLUDE_SOURCE;
				MTL_FAST_MATH = YES;
				ONLY_ACTIVE_ARCH = YES;
				SDKROOT = iphoneos;
				SWIFT_ACTIVE_COMPILATION_CONDITIONS = DEBUG;
				SWIFT_OPTIMIZATION_LEVEL = "-Onone";
			};
			name = Debug;
		};
		5135EF7021776AB60016AAD6 /* Release */ = {
			isa = XCBuildConfiguration;
			buildSettings = {
				ALWAYS_SEARCH_USER_PATHS = NO;
				CLANG_ANALYZER_LOCALIZABILITY_NONLOCALIZED = YES;
				CLANG_ANALYZER_NONNULL = YES;
				CLANG_ANALYZER_NUMBER_OBJECT_CONVERSION = YES_AGGRESSIVE;
				CLANG_CXX_LANGUAGE_STANDARD = "gnu++14";
				CLANG_CXX_LIBRARY = "libc++";
				CLANG_ENABLE_MODULES = YES;
				CLANG_ENABLE_OBJC_ARC = YES;
				CLANG_ENABLE_OBJC_WEAK = YES;
				CLANG_WARN_BLOCK_CAPTURE_AUTORELEASING = YES;
				CLANG_WARN_BOOL_CONVERSION = YES;
				CLANG_WARN_COMMA = YES;
				CLANG_WARN_CONSTANT_CONVERSION = YES;
				CLANG_WARN_DEPRECATED_OBJC_IMPLEMENTATIONS = YES;
				CLANG_WARN_DIRECT_OBJC_ISA_USAGE = YES_ERROR;
				CLANG_WARN_DOCUMENTATION_COMMENTS = YES;
				CLANG_WARN_EMPTY_BODY = YES;
				CLANG_WARN_ENUM_CONVERSION = YES;
				CLANG_WARN_INFINITE_RECURSION = YES;
				CLANG_WARN_INT_CONVERSION = YES;
				CLANG_WARN_NON_LITERAL_NULL_CONVERSION = YES;
				CLANG_WARN_OBJC_IMPLICIT_RETAIN_SELF = YES;
				CLANG_WARN_OBJC_LITERAL_CONVERSION = YES;
				CLANG_WARN_OBJC_ROOT_CLASS = YES_ERROR;
				CLANG_WARN_RANGE_LOOP_ANALYSIS = YES;
				CLANG_WARN_STRICT_PROTOTYPES = YES;
				CLANG_WARN_SUSPICIOUS_MOVE = YES;
				CLANG_WARN_UNGUARDED_AVAILABILITY = YES_AGGRESSIVE;
				CLANG_WARN_UNREACHABLE_CODE = YES;
				CLANG_WARN__DUPLICATE_METHOD_MATCH = YES;
				CODE_SIGN_IDENTITY = "iPhone Developer";
				COPY_PHASE_STRIP = NO;
				DEBUG_INFORMATION_FORMAT = "dwarf-with-dsym";
				ENABLE_NS_ASSERTIONS = NO;
				ENABLE_STRICT_OBJC_MSGSEND = YES;
				GCC_C_LANGUAGE_STANDARD = gnu11;
				GCC_NO_COMMON_BLOCKS = YES;
				GCC_WARN_64_TO_32_BIT_CONVERSION = YES;
				GCC_WARN_ABOUT_RETURN_TYPE = YES_ERROR;
				GCC_WARN_UNDECLARED_SELECTOR = YES;
				GCC_WARN_UNINITIALIZED_AUTOS = YES_AGGRESSIVE;
				GCC_WARN_UNUSED_FUNCTION = YES;
				GCC_WARN_UNUSED_VARIABLE = YES;
				IPHONEOS_DEPLOYMENT_TARGET = 12.0;
				MTL_ENABLE_DEBUG_INFO = NO;
				MTL_FAST_MATH = YES;
				SDKROOT = iphoneos;
				SWIFT_COMPILATION_MODE = wholemodule;
				SWIFT_OPTIMIZATION_LEVEL = "-O";
				VALIDATE_PRODUCT = YES;
			};
			name = Release;
		};
		5135EF7221776AB60016AAD6 /* Debug */ = {
			isa = XCBuildConfiguration;
			buildSettings = {
				ALWAYS_EMBED_SWIFT_STANDARD_LIBRARIES = YES;
				ASSETCATALOG_COMPILER_APPICON_NAME = AppIcon;
				CODE_SIGN_ENTITLEMENTS = "SL One trip search/SL One trip search.entitlements";
				CODE_SIGN_STYLE = Automatic;
				DEVELOPMENT_TEAM = 2TLM57CUQ3;
				INFOPLIST_FILE = "SL One trip search/Info.plist";
				LD_RUNPATH_SEARCH_PATHS = (
					"$(inherited)",
					"@executable_path/Frameworks",
				);
				PRODUCT_BUNDLE_IDENTIFIER = "com.kebne.SL-One-trip-search";
				PRODUCT_NAME = "$(TARGET_NAME)";
				SWIFT_VERSION = 4.2;
				TARGETED_DEVICE_FAMILY = "1,2";
			};
			name = Debug;
		};
		5135EF7321776AB60016AAD6 /* Release */ = {
			isa = XCBuildConfiguration;
			buildSettings = {
				ALWAYS_EMBED_SWIFT_STANDARD_LIBRARIES = YES;
				ASSETCATALOG_COMPILER_APPICON_NAME = AppIcon;
				CODE_SIGN_ENTITLEMENTS = "SL One trip search/SL One trip search.entitlements";
				CODE_SIGN_STYLE = Automatic;
				DEVELOPMENT_TEAM = 2TLM57CUQ3;
				INFOPLIST_FILE = "SL One trip search/Info.plist";
				LD_RUNPATH_SEARCH_PATHS = (
					"$(inherited)",
					"@executable_path/Frameworks",
				);
				PRODUCT_BUNDLE_IDENTIFIER = "com.kebne.SL-One-trip-search";
				PRODUCT_NAME = "$(TARGET_NAME)";
				SWIFT_VERSION = 4.2;
				TARGETED_DEVICE_FAMILY = "1,2";
			};
			name = Release;
		};
		5135EF7521776AB60016AAD6 /* Debug */ = {
			isa = XCBuildConfiguration;
			buildSettings = {
				ALWAYS_EMBED_SWIFT_STANDARD_LIBRARIES = YES;
				BUNDLE_LOADER = "$(TEST_HOST)";
				CODE_SIGN_STYLE = Automatic;
				DEVELOPMENT_TEAM = 2TLM57CUQ3;
				INFOPLIST_FILE = "SL One trip searchTests/Info.plist";
				LD_RUNPATH_SEARCH_PATHS = (
					"$(inherited)",
					"@executable_path/Frameworks",
					"@loader_path/Frameworks",
				);
				PRODUCT_BUNDLE_IDENTIFIER = "com.kebne.SL-One-trip-searchTests";
				PRODUCT_NAME = "$(TARGET_NAME)";
				SWIFT_VERSION = 4.2;
				TARGETED_DEVICE_FAMILY = "1,2";
				TEST_HOST = "$(BUILT_PRODUCTS_DIR)/SL One trip search.app/SL One trip search";
			};
			name = Debug;
		};
		5135EF7621776AB60016AAD6 /* Release */ = {
			isa = XCBuildConfiguration;
			buildSettings = {
				ALWAYS_EMBED_SWIFT_STANDARD_LIBRARIES = YES;
				BUNDLE_LOADER = "$(TEST_HOST)";
				CODE_SIGN_STYLE = Automatic;
				DEVELOPMENT_TEAM = 2TLM57CUQ3;
				INFOPLIST_FILE = "SL One trip searchTests/Info.plist";
				LD_RUNPATH_SEARCH_PATHS = (
					"$(inherited)",
					"@executable_path/Frameworks",
					"@loader_path/Frameworks",
				);
				PRODUCT_BUNDLE_IDENTIFIER = "com.kebne.SL-One-trip-searchTests";
				PRODUCT_NAME = "$(TARGET_NAME)";
				SWIFT_VERSION = 4.2;
				TARGETED_DEVICE_FAMILY = "1,2";
				TEST_HOST = "$(BUILT_PRODUCTS_DIR)/SL One trip search.app/SL One trip search";
			};
			name = Release;
		};
		5135EF7821776AB60016AAD6 /* Debug */ = {
			isa = XCBuildConfiguration;
			buildSettings = {
				ALWAYS_EMBED_SWIFT_STANDARD_LIBRARIES = YES;
				CODE_SIGN_STYLE = Automatic;
				DEVELOPMENT_TEAM = 2TLM57CUQ3;
				INFOPLIST_FILE = "SL One trip searchUITests/Info.plist";
				LD_RUNPATH_SEARCH_PATHS = (
					"$(inherited)",
					"@executable_path/Frameworks",
					"@loader_path/Frameworks",
				);
				PRODUCT_BUNDLE_IDENTIFIER = "com.kebne.SL-One-trip-searchUITests";
				PRODUCT_NAME = "$(TARGET_NAME)";
				SWIFT_VERSION = 4.2;
				TARGETED_DEVICE_FAMILY = "1,2";
				TEST_TARGET_NAME = "SL One trip search";
			};
			name = Debug;
		};
		5135EF7921776AB60016AAD6 /* Release */ = {
			isa = XCBuildConfiguration;
			buildSettings = {
				ALWAYS_EMBED_SWIFT_STANDARD_LIBRARIES = YES;
				CODE_SIGN_STYLE = Automatic;
				DEVELOPMENT_TEAM = 2TLM57CUQ3;
				INFOPLIST_FILE = "SL One trip searchUITests/Info.plist";
				LD_RUNPATH_SEARCH_PATHS = (
					"$(inherited)",
					"@executable_path/Frameworks",
					"@loader_path/Frameworks",
				);
				PRODUCT_BUNDLE_IDENTIFIER = "com.kebne.SL-One-trip-searchUITests";
				PRODUCT_NAME = "$(TARGET_NAME)";
				SWIFT_VERSION = 4.2;
				TARGETED_DEVICE_FAMILY = "1,2";
				TEST_TARGET_NAME = "SL One trip search";
			};
			name = Release;
		};
		51C86D332180A128000F5851 /* Debug */ = {
			isa = XCBuildConfiguration;
			buildSettings = {
				CODE_SIGN_ENTITLEMENTS = NextDeparture/NextDeparture.entitlements;
				CODE_SIGN_STYLE = Automatic;
				DEVELOPMENT_TEAM = 2TLM57CUQ3;
				INFOPLIST_FILE = NextDeparture/Info.plist;
				LD_RUNPATH_SEARCH_PATHS = (
					"$(inherited)",
					"@executable_path/Frameworks",
					"@executable_path/../../Frameworks",
				);
				PRODUCT_BUNDLE_IDENTIFIER = "com.kebne.SL-One-trip-search.NextDeparture";
				PRODUCT_NAME = "$(TARGET_NAME)";
				SKIP_INSTALL = YES;
				SWIFT_VERSION = 4.2;
				TARGETED_DEVICE_FAMILY = "1,2";
			};
			name = Debug;
		};
		51C86D342180A128000F5851 /* Release */ = {
			isa = XCBuildConfiguration;
			buildSettings = {
				CODE_SIGN_ENTITLEMENTS = NextDeparture/NextDeparture.entitlements;
				CODE_SIGN_STYLE = Automatic;
				DEVELOPMENT_TEAM = 2TLM57CUQ3;
				INFOPLIST_FILE = NextDeparture/Info.plist;
				LD_RUNPATH_SEARCH_PATHS = (
					"$(inherited)",
					"@executable_path/Frameworks",
					"@executable_path/../../Frameworks",
				);
				PRODUCT_BUNDLE_IDENTIFIER = "com.kebne.SL-One-trip-search.NextDeparture";
				PRODUCT_NAME = "$(TARGET_NAME)";
				SKIP_INSTALL = YES;
				SWIFT_VERSION = 4.2;
				TARGETED_DEVICE_FAMILY = "1,2";
			};
			name = Release;
		};
/* End XCBuildConfiguration section */

/* Begin XCConfigurationList section */
		5135EF4421776AB30016AAD6 /* Build configuration list for PBXProject "SL One trip search" */ = {
			isa = XCConfigurationList;
			buildConfigurations = (
				5135EF6F21776AB60016AAD6 /* Debug */,
				5135EF7021776AB60016AAD6 /* Release */,
			);
			defaultConfigurationIsVisible = 0;
			defaultConfigurationName = Release;
		};
		5135EF7121776AB60016AAD6 /* Build configuration list for PBXNativeTarget "SL One trip search" */ = {
			isa = XCConfigurationList;
			buildConfigurations = (
				5135EF7221776AB60016AAD6 /* Debug */,
				5135EF7321776AB60016AAD6 /* Release */,
			);
			defaultConfigurationIsVisible = 0;
			defaultConfigurationName = Release;
		};
		5135EF7421776AB60016AAD6 /* Build configuration list for PBXNativeTarget "SL One trip searchTests" */ = {
			isa = XCConfigurationList;
			buildConfigurations = (
				5135EF7521776AB60016AAD6 /* Debug */,
				5135EF7621776AB60016AAD6 /* Release */,
			);
			defaultConfigurationIsVisible = 0;
			defaultConfigurationName = Release;
		};
		5135EF7721776AB60016AAD6 /* Build configuration list for PBXNativeTarget "SL One trip searchUITests" */ = {
			isa = XCConfigurationList;
			buildConfigurations = (
				5135EF7821776AB60016AAD6 /* Debug */,
				5135EF7921776AB60016AAD6 /* Release */,
			);
			defaultConfigurationIsVisible = 0;
			defaultConfigurationName = Release;
		};
		51C86D352180A128000F5851 /* Build configuration list for PBXNativeTarget "NextDeparture" */ = {
			isa = XCConfigurationList;
			buildConfigurations = (
				51C86D332180A128000F5851 /* Debug */,
				51C86D342180A128000F5851 /* Release */,
			);
			defaultConfigurationIsVisible = 0;
			defaultConfigurationName = Release;
		};
/* End XCConfigurationList section */
	};
	rootObject = 5135EF4121776AB30016AAD6 /* Project object */;
}
